
Microsoft Visual Studio Solution File, Format Version 12.00
# Visual Studio Version 17
VisualStudioVersion = 17.5.002.0
MinimumVisualStudioVersion = 10.0.40219.1
Project("{9A19103F-16F7-4668-BE54-9A1E7A4F7556}") = "firstwork", "firstwork.csproj", "{EEFB6864-23F8-435C-BFFE-54DEC1EEE5A1}"
EndProject
Global
	GlobalSection(SolutionConfigurationPlatforms) = preSolution
		Debug|Any CPU = Debug|Any CPU
		Release|Any CPU = Release|Any CPU
	EndGlobalSection
	GlobalSection(ProjectConfigurationPlatforms) = postSolution
		{EEFB6864-23F8-435C-BFFE-54DEC1EEE5A1}.Debug|Any CPU.ActiveCfg = Debug|Any CPU
		{EEFB6864-23F8-435C-BFFE-54DEC1EEE5A1}.Debug|Any CPU.Build.0 = Debug|Any CPU
		{EEFB6864-23F8-435C-BFFE-54DEC1EEE5A1}.Release|Any CPU.ActiveCfg = Release|Any CPU
		{EEFB6864-23F8-435C-BFFE-54DEC1EEE5A1}.Release|Any CPU.Build.0 = Release|Any CPU
	EndGlobalSection
	GlobalSection(SolutionProperties) = preSolution
		HideSolutionNode = FALSE
	EndGlobalSection
	GlobalSection(ExtensibilityGlobals) = postSolution
		SolutionGuid = {0FBDDECE-D4A4-4883-A85D-AD169C9F3935}
	EndGlobalSection
EndGlobal
